
Microsoft Visual Studio Solution File, Format Version 12.00
# Visual Studio Version 17
VisualStudioVersion = 17.2.32630.192
MinimumVisualStudioVersion = 10.0.40219.1
Project("{FAE04EC0-301F-11D3-BF4B-00C04F79EFBC}") = "inheriteeeddddd", "inheriteeeddddd\inheriteeeddddd.csproj", "{045418C5-F0BC-42A3-B65E-D8449355881E}"
EndProject
Global
	GlobalSection(SolutionConfigurationPlatforms) = preSolution
		Debug|Any CPU = Debug|Any CPU
		Release|Any CPU = Release|Any CPU
	EndGlobalSection
	GlobalSection(ProjectConfigurationPlatforms) = postSolution
		{045418C5-F0BC-42A3-B65E-D8449355881E}.Debug|Any CPU.ActiveCfg = Debug|Any CPU
		{045418C5-F0BC-42A3-B65E-D8449355881E}.Debug|Any CPU.Build.0 = Debug|Any CPU
		{045418C5-F0BC-42A3-B65E-D8449355881E}.Release|Any CPU.ActiveCfg = Release|Any CPU
		{045418C5-F0BC-42A3-B65E-D8449355881E}.Release|Any CPU.Build.0 = Release|Any CPU
	EndGlobalSection
	GlobalSection(SolutionProperties) = preSolution
		HideSolutionNode = FALSE
	EndGlobalSection
	GlobalSection(ExtensibilityGlobals) = postSolution
		SolutionGuid = {C03185A9-E76F-4DFB-807B-EA5432BDB87B}
	EndGlobalSection
EndGlobal
